PODS:
  - OMGHTTPURLRQ (3.1.1):
    - OMGHTTPURLRQ/RQ (= 3.1.1)
  - OMGHTTPURLRQ/FormURLEncode (3.1.1)
  - OMGHTTPURLRQ/RQ (3.1.1):
    - OMGHTTPURLRQ/FormURLEncode
    - OMGHTTPURLRQ/UserAgent
  - OMGHTTPURLRQ/UserAgent (3.1.1)
  - PromiseKit (3.1.0):
    - PromiseKit/Foundation (= 3.1.0)
    - PromiseKit/QuartzCore (= 3.1.0)
    - PromiseKit/UIKit (= 3.1.0)
  - PromiseKit/CorePromise (3.1.0)
  - PromiseKit/Foundation (3.1.0):
    - OMGHTTPURLRQ (~> 3.1.0)
    - PromiseKit/CorePromise
  - PromiseKit/QuartzCore (3.1.0):
    - PromiseKit/CorePromise
  - PromiseKit/UIKit (3.1.0):
    - PromiseKit/CorePromise

DEPENDENCIES:
  - PromiseKit

SPEC CHECKSUMS:
  OMGHTTPURLRQ: 633f98ee745aeda02345935a52eec1784cddb589
  PromiseKit: 7ed2a3fc5217695305a55a8c47cb3a17ff5fde0d

PODFILE CHECKSUM: ba4548168941c8924508a74100ae57aafe4f483b

COCOAPODS: 1.0.0.beta.6
